
Microsoft Visual Studio Solution File, Format Version 12.00
Project("{FAE04EC0-301F-11D3-BF4B-00C04F79EFBC}") = "YTPTK.Core", "src\YTPTK.Core\YTPTK.Core.csproj", "{862E5010-20EF-409F-B840-399C782CDFEC}"
EndProject
Project("{FAE04EC0-301F-11D3-BF4B-00C04F79EFBC}") = "YTPTK.Cli", "src\YTPTK.Cli\YTPTK.Cli.csproj", "{15FDE2A4-2052-4F41-A8F2-7AAEF6460AE3}"
EndProject
Project("{FAE04EC0-301F-11D3-BF4B-00C04F79EFBC}") = "YTPTK.Core.Tests", "src\YTPTK.Core.Tests\YTPTK.Core.Tests.csproj", "{DA102817-07C2-4EF5-A94A-0D311DCD644F}"
EndProject
Global
	GlobalSection(SolutionConfigurationPlatforms) = preSolution
		Debug|Any CPU = Debug|Any CPU
		Release|Any CPU = Release|Any CPU
	EndGlobalSection
	GlobalSection(ProjectConfigurationPlatforms) = postSolution
		{862E5010-20EF-409F-B840-399C782CDFEC}.Debug|Any CPU.ActiveCfg = Debug|Any CPU
		{862E5010-20EF-409F-B840-399C782CDFEC}.Debug|Any CPU.Build.0 = Debug|Any CPU
		{862E5010-20EF-409F-B840-399C782CDFEC}.Release|Any CPU.ActiveCfg = Release|Any CPU
		{862E5010-20EF-409F-B840-399C782CDFEC}.Release|Any CPU.Build.0 = Release|Any CPU
		{15FDE2A4-2052-4F41-A8F2-7AAEF6460AE3}.Debug|Any CPU.ActiveCfg = Debug|Any CPU
		{15FDE2A4-2052-4F41-A8F2-7AAEF6460AE3}.Debug|Any CPU.Build.0 = Debug|Any CPU
		{15FDE2A4-2052-4F41-A8F2-7AAEF6460AE3}.Release|Any CPU.ActiveCfg = Release|Any CPU
		{15FDE2A4-2052-4F41-A8F2-7AAEF6460AE3}.Release|Any CPU.Build.0 = Release|Any CPU
		{DA102817-07C2-4EF5-A94A-0D311DCD644F}.Debug|Any CPU.ActiveCfg = Debug|Any CPU
		{DA102817-07C2-4EF5-A94A-0D311DCD644F}.Debug|Any CPU.Build.0 = Debug|Any CPU
		{DA102817-07C2-4EF5-A94A-0D311DCD644F}.Release|Any CPU.ActiveCfg = Release|Any CPU
		{DA102817-07C2-4EF5-A94A-0D311DCD644F}.Release|Any CPU.Build.0 = Release|Any CPU
	EndGlobalSection
EndGlobal
